
Microsoft Visual Studio Solution File, Format Version 12.00
# Visual Studio 2013
VisualStudioVersion = 12.0.21005.1
MinimumVisualStudioVersion = 10.0.40219.1
Project("{2150E333-8FDC-42A3-9474-1A3956D46DE8}") = "Solution Items", "Solution Items", "{08F4F36E-BD09-4F0A-AECA-AC54E1B6C435}"
	ProjectSection(SolutionItems) = preProject
		Rover.Test\Local.testsettings = Rover.Test\Local.testsettings
		Rover.Test\TraceAndTestImpact.testsettings = Rover.Test\TraceAndTestImpact.testsettings
	EndProjectSection
EndProject
Project("{FAE04EC0-301F-11D3-BF4B-00C04F79EFBC}") = "MarsRover", "Rover\MarsRover.csproj", "{B2DD50AC-5661-4253-B9C1-88546394F8B8}"
EndProject
Project("{FAE04EC0-301F-11D3-BF4B-00C04F79EFBC}") = "MarsRover.Test", "Rover.Test\MarsRover.Test.csproj", "{56BDEBFA-66D4-44E4-B7A0-5DB803EEF312}"
EndProject
Global
	GlobalSection(SolutionConfigurationPlatforms) = preSolution
		Debug|Any CPU = Debug|Any CPU
		Release|Any CPU = Release|Any CPU
	EndGlobalSection
	GlobalSection(ProjectConfigurationPlatforms) = postSolution
		{B2DD50AC-5661-4253-B9C1-88546394F8B8}.Debug|Any CPU.ActiveCfg = Debug|Any CPU
		{B2DD50AC-5661-4253-B9C1-88546394F8B8}.Debug|Any CPU.Build.0 = Debug|Any CPU
		{B2DD50AC-5661-4253-B9C1-88546394F8B8}.Release|Any CPU.ActiveCfg = Release|Any CPU
		{B2DD50AC-5661-4253-B9C1-88546394F8B8}.Release|Any CPU.Build.0 = Release|Any CPU
		{56BDEBFA-66D4-44E4-B7A0-5DB803EEF312}.Debug|Any CPU.ActiveCfg = Debug|Any CPU
		{56BDEBFA-66D4-44E4-B7A0-5DB803EEF312}.Debug|Any CPU.Build.0 = Debug|Any CPU
		{56BDEBFA-66D4-44E4-B7A0-5DB803EEF312}.Release|Any CPU.ActiveCfg = Release|Any CPU
		{56BDEBFA-66D4-44E4-B7A0-5DB803EEF312}.Release|Any CPU.Build.0 = Release|Any CPU
	EndGlobalSection
	GlobalSection(SolutionProperties) = preSolution
		HideSolutionNode = FALSE
	EndGlobalSection
	GlobalSection(TestCaseManagementSettings) = postSolution
		CategoryFile = Rover.Test.vsmdi
	EndGlobalSection
EndGlobal
